
Microsoft Visual Studio Solution File, Format Version 12.00
# Visual Studio 15
VisualStudioVersion = 15.0.27130.2026
MinimumVisualStudioVersion = 10.0.40219.1
Project("{9A19103F-16F7-4668-BE54-9A1E7A4F7556}") = "n1mmlistener", "n1mmlistener\n1mmlistener.csproj", "{71628DEF-D949-4A14-8FEA-7B94102E889D}"
EndProject
Project("{FAE04EC0-301F-11D3-BF4B-00C04F79EFBC}") = "n1mmsender", "n1mmsender\n1mmsender.csproj", "{3250B3A3-9DCD-4768-B67B-F1074769C787}"
EndProject
Project("{FAE04EC0-301F-11D3-BF4B-00C04F79EFBC}") = "DapperExtensionsDNC", "DapperExtensionsDNC\DapperExtensionsDNC.csproj", "{B1640EE4-C3E8-4947-AED2-0D43812FCCF8}"
EndProject
Global
	GlobalSection(SolutionConfigurationPlatforms) = preSolution
		Debug|Any CPU = Debug|Any CPU
		Release|Any CPU = Release|Any CPU
	EndGlobalSection
	GlobalSection(ProjectConfigurationPlatforms) = postSolution
		{71628DEF-D949-4A14-8FEA-7B94102E889D}.Debug|Any CPU.ActiveCfg = Debug|Any CPU
		{71628DEF-D949-4A14-8FEA-7B94102E889D}.Debug|Any CPU.Build.0 = Debug|Any CPU
		{71628DEF-D949-4A14-8FEA-7B94102E889D}.Release|Any CPU.ActiveCfg = Release|Any CPU
		{71628DEF-D949-4A14-8FEA-7B94102E889D}.Release|Any CPU.Build.0 = Release|Any CPU
		{3250B3A3-9DCD-4768-B67B-F1074769C787}.Debug|Any CPU.ActiveCfg = Debug|Any CPU
		{3250B3A3-9DCD-4768-B67B-F1074769C787}.Debug|Any CPU.Build.0 = Debug|Any CPU
		{3250B3A3-9DCD-4768-B67B-F1074769C787}.Release|Any CPU.ActiveCfg = Release|Any CPU
		{3250B3A3-9DCD-4768-B67B-F1074769C787}.Release|Any CPU.Build.0 = Release|Any CPU
		{B1640EE4-C3E8-4947-AED2-0D43812FCCF8}.Debug|Any CPU.ActiveCfg = Debug|Any CPU
		{B1640EE4-C3E8-4947-AED2-0D43812FCCF8}.Debug|Any CPU.Build.0 = Debug|Any CPU
		{B1640EE4-C3E8-4947-AED2-0D43812FCCF8}.Release|Any CPU.ActiveCfg = Release|Any CPU
		{B1640EE4-C3E8-4947-AED2-0D43812FCCF8}.Release|Any CPU.Build.0 = Release|Any CPU
	EndGlobalSection
	GlobalSection(SolutionProperties) = preSolution
		HideSolutionNode = FALSE
	EndGlobalSection
	GlobalSection(ExtensibilityGlobals) = postSolution
		SolutionGuid = {86A21A98-EAAD-4508-92D9-E0903FFA7104}
	EndGlobalSection
EndGlobal
